schema: '2.0'
stages:
  load_data:
    cmd: "echo \"Download Bike Sharing data...\"\nwget https://archive.ics.uci.edu/ml/machine-learning-databases/00275/Bike-Sharing-Dataset.zip
      -P data/\necho \"Unzip data...\"\nunzip data/Bike-Sharing-Dataset.zip -d data/\n"
    outs:
    - path: data/hour.csv
      hash: md5
      md5: d50bd5a6f55131e72a7bedc334e2fce1
      size: 1156736
  extract_data:
    cmd: python src/stages/extract_data.py --config=pipelines/train/params.yaml
    deps:
    - path: data/hour.csv
      hash: md5
      md5: d50bd5a6f55131e72a7bedc334e2fce1
      size: 1156736
    - path: src/stages/extract_data.py
      hash: md5
      md5: c249c0e322bb45443571556c42bd586a
      size: 1577
    params:
      pipelines/train/params.yaml:
        extract_data:
          train_dates_range: 2011-01-01--2011-01-28
          test_dates_range: 2011-01-29--2011-02-28
    outs:
    - path: data/test.csv
      hash: md5
      md5: a7a83c4bc49a45ad14cf9d4b64b173b7
      size: 45736
    - path: data/train.csv
      hash: md5
      md5: ff6463a6dd33b07bb405b6c272dc4fda
      size: 38764
  train:
    cmd: python src/stages/train.py --config=pipelines/train/params.yaml
    deps:
    - path: data/train.csv
      hash: md5
      md5: ff6463a6dd33b07bb405b6c272dc4fda
      size: 38764
    - path: src/stages/train.py
      hash: md5
      md5: ebd212c0e00aca3ad75e4b43e8c26b8c
      size: 1553
    params:
      pipelines/train/params.yaml:
        train:
          n_estimators: 30
          model_path: models/model.joblib
    outs:
    - path: models/model.joblib
      hash: md5
      md5: 7efa85b2cd09eddb480a5e38823761db
      size: 1557905
  evaluate:
    cmd: python src/stages/evaluate.py --config=pipelines/train/params.yaml --pdir=pipelines/train
    deps:
    - path: data/test.csv
      hash: md5
      md5: a7a83c4bc49a45ad14cf9d4b64b173b7
      size: 45736
    - path: data/train.csv
      hash: md5
      md5: ff6463a6dd33b07bb405b6c272dc4fda
      size: 38764
    - path: models/model.joblib
      hash: md5
      md5: 7efa85b2cd09eddb480a5e38823761db
      size: 1557905
    - path: src/stages/evaluate.py
      hash: md5
      md5: b38fa8f4504cadc5199795d6666cec98
      size: 4131
    params:
      pipelines/train/params.yaml:
        evaluate:
          model_performance_path: model_performance.html
          metrics_path: metrics.json
    outs:
    - path: data/reference_data.csv
      hash: md5
      md5: ce87d4adb9b165480110783f4bb9643e
      size: 13030
