schema: '2.0'
stages:
  predict:
    cmd: python src/stages/predict.py --config=pipelines/predict/params.yaml
    deps:
    - path: models/model.joblib
      hash: md5
      md5: 7efa85b2cd09eddb480a5e38823761db
      size: 1557905
    - path: src/stages/predict.py
      hash: md5
      md5: 66d5ec3f9f9e67f5ab2d10e8e183ba8b
      size: 2358
    params:
      pipelines/predict/params.yaml:
        base:
          logging_level: INFO
        predict:
          model_path: models/model.joblib
          week_start: '2011-01-29'
          week_end: '2011-02-04'
          predictions_dir: data/predictions
    outs:
    - path: data/predictions/2011-01-29--2011-02-04.csv
      hash: md5
      md5: 212c8b75d40dfed6f3353a16ff131c3b
      size: 12464
  monitoring:
    cmd: python ../../src/stages/monitor_data.py --config=params.yaml
    deps:
    - path: ../../data/predictions/2011-01-29--2011-02-04.csv
      hash: md5
      md5: 212c8b75d40dfed6f3353a16ff131c3b
      size: 12464
    params:
      params.yaml:
        base:
          workdir: ../..
          logging_level: INFO
        predict:
          model_path: models/model.joblib
          week_start: '2011-01-29'
          week_end: '2011-02-04'
          predictions_dir: data/predictions
    outs:
    - path: ../../reports/2011-01-29--2011-02-04/data_drift.html
      hash: md5
      md5: d8cac7dc68e07b1009f9fb4650542ba3
      size: 3685953
    - path: ../../reports/2011-01-29--2011-02-04/data_quality.html
      hash: md5
      md5: 875acf564fe711040a0fc8b902fdbf63
      size: 3447848
