schema: '2.0'
stages:
  predict:
    cmd: python ../../src/stages/predict.py --config=params.yaml
    deps:
    - path: ../../models/model.joblib
      hash: md5
      md5: 40eb7e5c7ef5b65c6d14ddedeb3abc36
      size: 463457
    - path: ../../src/stages/predict.py
      hash: md5
      md5: a6f8a39f621a51f3b4a955a27abc5a92
      size: 2061
    params:
      params.yaml:
        base:
          workdir: ../..
          logging_level: INFO
        predict:
          model_path: models/model.joblib
          week_start: '2011-01-29'
          week_end: '2011-02-04'
          predictions_dir: data/predictions
    outs:
    - path: ../../data/predictions/2011-01-29--2011-02-04.csv
      hash: md5
      md5: e7d9fd5f0802bc5cd29267e399cfdd40
      size: 11122
  monitoring:
    cmd: python ../../src/stages/monitor_data.py --config=params.yaml
    deps:
    - path: ../../data/predictions/2011-01-29--2011-02-04.csv
      hash: md5
      md5: e7d9fd5f0802bc5cd29267e399cfdd40
      size: 11122
    params:
      params.yaml:
        base:
          workdir: ../..
          logging_level: INFO
        predict:
          model_path: models/model.joblib
          week_start: '2011-01-29'
          week_end: '2011-02-04'
          predictions_dir: data/predictions
    outs:
    - path: ../../reports/2011-01-29--2011-02-04/data_drift.html
      hash: md5
      md5: 85f4544ab8204af62da36cfd9d0c45e3
      size: 2866810
    - path: ../../reports/2011-01-29--2011-02-04/data_quality.html
      hash: md5
      md5: 57400a392d3cc447bd7e1021905b6b74
      size: 2852990
